
Microsoft Visual Studio Solution File, Format Version 12.00
# Visual Studio Version 16
VisualStudioVersion = 16.0.29613.14
MinimumVisualStudioVersion = 10.0.40219.1
Project("{4DF76451-A46A-4C0B-BE03-459FAAFA07E6}") = "powerBiDataConnector", "powerBiDataConnector.mproj", "{79B432C2-E9BA-4EF5-A63D-3EADE2E26864}"
EndProject
Project("{FAE04EC0-301F-11D3-BF4B-00C04F79EFBC}") = "OrderApi", "..\OrderApi\OrderApi.csproj", "{EBCBF918-438D-453E-98DC-F591D8C80D2D}"
EndProject
Global
	GlobalSection(SolutionConfigurationPlatforms) = preSolution
		Debug|Any CPU = Debug|Any CPU
		Debug|x86 = Debug|x86
		Release|Any CPU = Release|Any CPU
		Release|x86 = Release|x86
	EndGlobalSection
	GlobalSection(ProjectConfigurationPlatforms) = postSolution
		{79B432C2-E9BA-4EF5-A63D-3EADE2E26864}.Debug|Any CPU.ActiveCfg = Debug|x86
		{79B432C2-E9BA-4EF5-A63D-3EADE2E26864}.Debug|x86.ActiveCfg = Debug|x86
		{79B432C2-E9BA-4EF5-A63D-3EADE2E26864}.Debug|x86.Build.0 = Debug|x86
		{79B432C2-E9BA-4EF5-A63D-3EADE2E26864}.Release|Any CPU.ActiveCfg = Release|x86
		{79B432C2-E9BA-4EF5-A63D-3EADE2E26864}.Release|x86.ActiveCfg = Release|x86
		{79B432C2-E9BA-4EF5-A63D-3EADE2E26864}.Release|x86.Build.0 = Release|x86
		{EBCBF918-438D-453E-98DC-F591D8C80D2D}.Debug|Any CPU.ActiveCfg = Debug|Any CPU
		{EBCBF918-438D-453E-98DC-F591D8C80D2D}.Debug|Any CPU.Build.0 = Debug|Any CPU
		{EBCBF918-438D-453E-98DC-F591D8C80D2D}.Debug|x86.ActiveCfg = Debug|Any CPU
		{EBCBF918-438D-453E-98DC-F591D8C80D2D}.Debug|x86.Build.0 = Debug|Any CPU
		{EBCBF918-438D-453E-98DC-F591D8C80D2D}.Release|Any CPU.ActiveCfg = Release|Any CPU
		{EBCBF918-438D-453E-98DC-F591D8C80D2D}.Release|Any CPU.Build.0 = Release|Any CPU
		{EBCBF918-438D-453E-98DC-F591D8C80D2D}.Release|x86.ActiveCfg = Release|Any CPU
		{EBCBF918-438D-453E-98DC-F591D8C80D2D}.Release|x86.Build.0 = Release|Any CPU
	EndGlobalSection
	GlobalSection(SolutionProperties) = preSolution
		HideSolutionNode = FALSE
	EndGlobalSection
	GlobalSection(ExtensibilityGlobals) = postSolution
		SolutionGuid = {284097D1-CF8D-46A6-9936-91D4C8DEA7C4}
	EndGlobalSection
EndGlobal
